// !$*UTF8*$!
{
	archiveVersion = 1;
	classes = {
	};
	objectVersion = 56;
	objects = {

/* Begin PBXBuildFile section */
		C426362F2B1B8FDA0065C985 /* main.cpp in Sources */ = {isa = PBXBuildFile; fileRef = C426362E2B1B8FDA0065C985 /* main.cpp */; };
		C426364C2B1B90230065C985 /* Entity.cpp in Sources */ = {isa = PBXBuildFile; fileRef = C42636362B1B90230065C985 /* Entity.cpp */; };
		C426364D2B1B90230065C985 /* Utility.cpp in Sources */ = {isa = PBXBuildFile; fileRef = C42636372B1B90230065C985 /* Utility.cpp */; };
		C426364E2B1B90230065C985 /* ShaderProgram.cpp in Sources */ = {isa = PBXBuildFile; fileRef = C42636382B1B90230065C985 /* ShaderProgram.cpp */; };
		C42636502B1B90230065C985 /* Menu.cpp in Sources */ = {isa = PBXBuildFile; fileRef = C42636402B1B90230065C985 /* Menu.cpp */; };
		C42636522B1B90230065C985 /* Scene.cpp in Sources */ = {isa = PBXBuildFile; fileRef = C426364A2B1B90230065C985 /* Scene.cpp */; };
		C42636552B1B90C30065C985 /* Cocoa.framework in Frameworks */ = {isa = PBXBuildFile; fileRef = C42636542B1B90C30065C985 /* Cocoa.framework */; };
		C42636572B1B90CC0065C985 /* OpenGL.framework in Frameworks */ = {isa = PBXBuildFile; fileRef = C42636562B1B90CC0065C985 /* OpenGL.framework */; };
		C426365B2B1B90E10065C985 /* SDL2.framework in Frameworks */ = {isa = PBXBuildFile; fileRef = C42636582B1B90E10065C985 /* SDL2.framework */; };
		C426365C2B1B90E10065C985 /* SDL2_mixer.framework in Frameworks */ = {isa = PBXBuildFile; fileRef = C42636592B1B90E10065C985 /* SDL2_mixer.framework */; };
		C426365D2B1B90E10065C985 /* SDL2_image.framework in Frameworks */ = {isa = PBXBuildFile; fileRef = C426365A2B1B90E10065C985 /* SDL2_image.framework */; };
		C426365E2B1B90F10065C985 /* shaders in CopyFiles */ = {isa = PBXBuildFile; fileRef = C42636452B1B90230065C985 /* shaders */; };
/* End PBXBuildFile section */

/* Begin PBXCopyFilesBuildPhase section */
		C42636292B1B8FDA0065C985 /* CopyFiles */ = {
			isa = PBXCopyFilesBuildPhase;
			buildActionMask = 2147483647;
			dstPath = "";
			dstSubfolderSpec = 6;
			files = (
				C426365E2B1B90F10065C985 /* shaders in CopyFiles */,
			);
			runOnlyForDeploymentPostprocessing = 1;
		};
/* End PBXCopyFilesBuildPhase section */

/* Begin PBXFileReference section */
		C426362B2B1B8FDA0065C985 /*  */ = {isa = PBXFileReference; includeInIndex = 0; lastKnownFileType = text; name = ""; sourceTree = BUILT_PRODUCTS_DIR; };
		C426362E2B1B8FDA0065C985 /* main.cpp */ = {isa = PBXFileReference; lastKnownFileType = sourcecode.cpp.cpp; path = main.cpp; sourceTree = "<group>"; };
		C42636352B1B90230065C985 /* safe.jpeg */ = {isa = PBXFileReference; lastKnownFileType = image.jpeg; name = safe.jpeg; path = ../../SDL_HW5/SDL_HW5/safe.jpeg; sourceTree = "<group>"; };
		C42636362B1B90230065C985 /* Entity.cpp */ = {isa = PBXFileReference; fileEncoding = 4; lastKnownFileType = sourcecode.cpp.cpp; name = Entity.cpp; path = ../../SDL_HW5/SDL_HW5/Entity.cpp; sourceTree = "<group>"; };
		C42636372B1B90230065C985 /* Utility.cpp */ = {isa = PBXFileReference; fileEncoding = 4; lastKnownFileType = sourcecode.cpp.cpp; name = Utility.cpp; path = ../../SDL_HW5/SDL_HW5/Utility.cpp; sourceTree = "<group>"; };
		C42636382B1B90230065C985 /* ShaderProgram.cpp */ = {isa = PBXFileReference; fileEncoding = 4; lastKnownFileType = sourcecode.cpp.cpp; name = ShaderProgram.cpp; path = ../../SDL_HW5/SDL_HW5/ShaderProgram.cpp; sourceTree = "<group>"; };
		C426363A2B1B90230065C985 /* Entity.hpp */ = {isa = PBXFileReference; fileEncoding = 4; lastKnownFileType = sourcecode.cpp.h; name = Entity.hpp; path = ../../SDL_HW5/SDL_HW5/Entity.hpp; sourceTree = "<group>"; };
		C426363B2B1B90230065C985 /* stb_image.h */ = {isa = PBXFileReference; fileEncoding = 4; lastKnownFileType = sourcecode.c.h; name = stb_image.h; path = ../../SDL_HW5/SDL_HW5/stb_image.h; sourceTree = "<group>"; };
		C426363C2B1B90230065C985 /* tilemap.png */ = {isa = PBXFileReference; lastKnownFileType = image.png; name = tilemap.png; path = ../../SDL_HW5/SDL_HW5/tilemap.png; sourceTree = "<group>"; };
		C426363D2B1B90230065C985 /* font.png */ = {isa = PBXFileReference; lastKnownFileType = image.png; name = font.png; path = ../../SDL_HW5/SDL_HW5/font.png; sourceTree = "<group>"; };
		C426363E2B1B90230065C985 /* ShaderProgram.h */ = {isa = PBXFileReference; fileEncoding = 4; lastKnownFileType = sourcecode.c.h; name = ShaderProgram.h; path = ../../SDL_HW5/SDL_HW5/ShaderProgram.h; sourceTree = "<group>"; };
		C426363F2B1B90230065C985 /* enemy.jpeg */ = {isa = PBXFileReference; lastKnownFileType = image.jpeg; name = enemy.jpeg; path = ../../SDL_HW5/SDL_HW5/enemy.jpeg; sourceTree = "<group>"; };
		C42636402B1B90230065C985 /* Menu.cpp */ = {isa = PBXFileReference; fileEncoding = 4; lastKnownFileType = sourcecode.cpp.cpp; name = Menu.cpp; path = ../../SDL_HW5/SDL_HW5/Menu.cpp; sourceTree = "<group>"; };
		C42636412B1B90230065C985 /* Utility.hpp */ = {isa = PBXFileReference; fileEncoding = 4; lastKnownFileType = sourcecode.cpp.h; name = Utility.hpp; path = ../../SDL_HW5/SDL_HW5/Utility.hpp; sourceTree = "<group>"; };
		C42636422B1B90230065C985 /* Map.hpp */ = {isa = PBXFileReference; fileEncoding = 4; lastKnownFileType = sourcecode.cpp.h; name = Map.hpp; path = ../../SDL_HW5/SDL_HW5/Map.hpp; sourceTree = "<group>"; };
		C42636442B1B90230065C985 /* player.jpeg */ = {isa = PBXFileReference; lastKnownFileType = image.jpeg; name = player.jpeg; path = ../../SDL_HW5/SDL_HW5/player.jpeg; sourceTree = "<group>"; };
		C42636452B1B90230065C985 /* shaders */ = {isa = PBXFileReference; lastKnownFileType = folder; name = shaders; path = ../../SDL_HW5/SDL_HW5/shaders; sourceTree = "<group>"; };
		C42636472B1B90230065C985 /* Menu.hpp */ = {isa = PBXFileReference; fileEncoding = 4; lastKnownFileType = sourcecode.cpp.h; name = Menu.hpp; path = ../../SDL_HW5/SDL_HW5/Menu.hpp; sourceTree = "<group>"; };
		C42636482B1B90230065C985 /* menu.png */ = {isa = PBXFileReference; lastKnownFileType = image.png; name = menu.png; path = ../../SDL_HW5/SDL_HW5/menu.png; sourceTree = "<group>"; };
		C42636492B1B90230065C985 /* Scene.hpp */ = {isa = PBXFileReference; fileEncoding = 4; lastKnownFileType = sourcecode.cpp.h; name = Scene.hpp; path = ../../SDL_HW5/SDL_HW5/Scene.hpp; sourceTree = "<group>"; };
		C426364A2B1B90230065C985 /* Scene.cpp */ = {isa = PBXFileReference; fileEncoding = 4; lastKnownFileType = sourcecode.cpp.cpp; name = Scene.cpp; path = ../../SDL_HW5/SDL_HW5/Scene.cpp; sourceTree = "<group>"; };
		C426364B2B1B90230065C985 /* glm */ = {isa = PBXFileReference; lastKnownFileType = folder; name = glm; path = ../../SDL_HW5/SDL_HW5/glm; sourceTree = "<group>"; };
		C42636542B1B90C30065C985 /* Cocoa.framework */ = {isa = PBXFileReference; lastKnownFileType = wrapper.framework; name = Cocoa.framework; path = System/Library/Frameworks/Cocoa.framework; sourceTree = SDKROOT; };
		C42636562B1B90CC0065C985 /* OpenGL.framework */ = {isa = PBXFileReference; lastKnownFileType = wrapper.framework; name = OpenGL.framework; path = System/Library/Frameworks/OpenGL.framework; sourceTree = SDKROOT; };
		C42636582B1B90E10065C985 /* SDL2.framework */ = {isa = PBXFileReference; lastKnownFileType = wrapper.framework; name = SDL2.framework; path = ../../../../../Library/Frameworks/SDL2.framework; sourceTree = "<group>"; };
		C42636592B1B90E10065C985 /* SDL2_mixer.framework */ = {isa = PBXFileReference; lastKnownFileType = wrapper.framework; name = SDL2_mixer.framework; path = ../../../../../Library/Frameworks/SDL2_mixer.framework; sourceTree = "<group>"; };
		C426365A2B1B90E10065C985 /* SDL2_image.framework */ = {isa = PBXFileReference; lastKnownFileType = wrapper.framework; name = SDL2_image.framework; path = ../../../../../Library/Frameworks/SDL2_image.framework; sourceTree = "<group>"; };
/* End PBXFileReference section */

/* Begin PBXFrameworksBuildPhase section */
		C42636282B1B8FDA0065C985 /* Frameworks */ = {
			isa = PBXFrameworksBuildPhase;
			buildActionMask = 2147483647;
			files = (
				C426365B2B1B90E10065C985 /* SDL2.framework in Frameworks */,
				C426365C2B1B90E10065C985 /* SDL2_mixer.framework in Frameworks */,
				C426365D2B1B90E10065C985 /* SDL2_image.framework in Frameworks */,
				C42636572B1B90CC0065C985 /* OpenGL.framework in Frameworks */,
				C42636552B1B90C30065C985 /* Cocoa.framework in Frameworks */,
			);
			runOnlyForDeploymentPostprocessing = 0;
		};
/* End PBXFrameworksBuildPhase section */

/* Begin PBXGroup section */
		C42636222B1B8FDA0065C985 = {
			isa = PBXGroup;
			children = (
				C426362D2B1B8FDA0065C985 /* SDL_HW_5 */,
				C426362C2B1B8FDA0065C985 /* Products */,
				C42636532B1B90C30065C985 /* Frameworks */,
			);
			sourceTree = "<group>";
		};
		C426362C2B1B8FDA0065C985 /* Products */ = {
			isa = PBXGroup;
			children = (
				C426362B2B1B8FDA0065C985 /*  */,
			);
			name = Products;
			sourceTree = "<group>";
		};
		C426362D2B1B8FDA0065C985 /* SDL_HW_5 */ = {
			isa = PBXGroup;
			children = (
				C426363F2B1B90230065C985 /* enemy.jpeg */,
				C42636362B1B90230065C985 /* Entity.cpp */,
				C426363A2B1B90230065C985 /* Entity.hpp */,
				C426363D2B1B90230065C985 /* font.png */,
				C426364B2B1B90230065C985 /* glm */,
				C42636422B1B90230065C985 /* Map.hpp */,
				C42636402B1B90230065C985 /* Menu.cpp */,
				C42636472B1B90230065C985 /* Menu.hpp */,
				C42636482B1B90230065C985 /* menu.png */,
				C42636442B1B90230065C985 /* player.jpeg */,
				C42636352B1B90230065C985 /* safe.jpeg */,
				C426364A2B1B90230065C985 /* Scene.cpp */,
				C42636492B1B90230065C985 /* Scene.hpp */,
				C42636382B1B90230065C985 /* ShaderProgram.cpp */,
				C426363E2B1B90230065C985 /* ShaderProgram.h */,
				C42636452B1B90230065C985 /* shaders */,
				C426363B2B1B90230065C985 /* stb_image.h */,
				C426363C2B1B90230065C985 /* tilemap.png */,
				C42636372B1B90230065C985 /* Utility.cpp */,
				C42636412B1B90230065C985 /* Utility.hpp */,
				C426362E2B1B8FDA0065C985 /* main.cpp */,
			);
			path = SDL_HW_5;
			sourceTree = "<group>";
		};
		C42636532B1B90C30065C985 /* Frameworks */ = {
			isa = PBXGroup;
			children = (
				C426365A2B1B90E10065C985 /* SDL2_image.framework */,
				C42636592B1B90E10065C985 /* SDL2_mixer.framework */,
				C42636582B1B90E10065C985 /* SDL2.framework */,
				C42636562B1B90CC0065C985 /* OpenGL.framework */,
				C42636542B1B90C30065C985 /* Cocoa.framework */,
			);
			name = Frameworks;
			sourceTree = "<group>";
		};
/* End PBXGroup section */

/* Begin PBXNativeTarget section */
		C426362A2B1B8FDA0065C985 /* SDL_HW_5 */ = {
			isa = PBXNativeTarget;
			buildConfigurationList = C42636322B1B8FDA0065C985 /* Build configuration list for PBXNativeTarget "SDL_HW_5" */;
			buildPhases = (
				C42636272B1B8FDA0065C985 /* Sources */,
				C42636282B1B8FDA0065C985 /* Frameworks */,
				C42636292B1B8FDA0065C985 /* CopyFiles */,
			);
			buildRules = (
			);
			dependencies = (
			);
			name = SDL_HW_5;
			productName = SDL_HW_5;
			productReference = C426362B2B1B8FDA0065C985 /*  */;
			productType = "com.apple.product-type.tool";
		};
/* End PBXNativeTarget section */

/* Begin PBXProject section */
		C42636232B1B8FDA0065C985 /* Project object */ = {
			isa = PBXProject;
			attributes = {
				BuildIndependentTargetsInParallel = 1;
				LastUpgradeCheck = 1500;
				TargetAttributes = {
					C426362A2B1B8FDA0065C985 = {
						CreatedOnToolsVersion = 15.0;
					};
				};
			};
			buildConfigurationList = C42636262B1B8FDA0065C985 /* Build configuration list for PBXProject "SDL_HW_5" */;
			compatibilityVersion = "Xcode 14.0";
			developmentRegion = en;
			hasScannedForEncodings = 0;
			knownRegions = (
				en,
				Base,
			);
			mainGroup = C42636222B1B8FDA0065C985;
			productRefGroup = C426362C2B1B8FDA0065C985 /* Products */;
			projectDirPath = "";
			projectRoot = "";
			targets = (
				C426362A2B1B8FDA0065C985 /* SDL_HW_5 */,
			);
		};
/* End PBXProject section */

/* Begin PBXSourcesBuildPhase section */
		C42636272B1B8FDA0065C985 /* Sources */ = {
			isa = PBXSourcesBuildPhase;
			buildActionMask = 2147483647;
			files = (
				C42636522B1B90230065C985 /* Scene.cpp in Sources */,
				C42636502B1B90230065C985 /* Menu.cpp in Sources */,
				C426364D2B1B90230065C985 /* Utility.cpp in Sources */,
				C426364E2B1B90230065C985 /* ShaderProgram.cpp in Sources */,
				C426364C2B1B90230065C985 /* Entity.cpp in Sources */,
				C426362F2B1B8FDA0065C985 /* main.cpp in Sources */,
			);
			runOnlyForDeploymentPostprocessing = 0;
		};
/* End PBXSourcesBuildPhase section */

/* Begin XCBuildConfiguration section */
		C42636302B1B8FDA0065C985 /* Debug */ = {
			isa = XCBuildConfiguration;
			buildSettings = {
				ALWAYS_SEARCH_USER_PATHS = NO;
				ASSETCATALOG_COMPILER_GENERATE_SWIFT_ASSET_SYMBOL_EXTENSIONS = YES;
				CLANG_ANALYZER_NONNULL = YES;
				CLANG_ANALYZER_NUMBER_OBJECT_CONVERSION = YES_AGGRESSIVE;
				CLANG_CXX_LANGUAGE_STANDARD = "gnu++20";
				CLANG_ENABLE_MODULES = YES;
				CLANG_ENABLE_OBJC_ARC = YES;
				CLANG_ENABLE_OBJC_WEAK = YES;
				CLANG_WARN_BLOCK_CAPTURE_AUTORELEASING = YES;
				CLANG_WARN_BOOL_CONVERSION = YES;
				CLANG_WARN_COMMA = YES;
				CLANG_WARN_CONSTANT_CONVERSION = YES;
				CLANG_WARN_DEPRECATED_OBJC_IMPLEMENTATIONS = YES;
				CLANG_WARN_DIRECT_OBJC_ISA_USAGE = YES_ERROR;
				CLANG_WARN_DOCUMENTATION_COMMENTS = YES;
				CLANG_WARN_EMPTY_BODY = YES;
				CLANG_WARN_ENUM_CONVERSION = YES;
				CLANG_WARN_INFINITE_RECURSION = YES;
				CLANG_WARN_INT_CONVERSION = YES;
				CLANG_WARN_NON_LITERAL_NULL_CONVERSION = YES;
				CLANG_WARN_OBJC_IMPLICIT_RETAIN_SELF = YES;
				CLANG_WARN_OBJC_LITERAL_CONVERSION = YES;
				CLANG_WARN_OBJC_ROOT_CLASS = YES_ERROR;
				CLANG_WARN_QUOTED_INCLUDE_IN_FRAMEWORK_HEADER = YES;
				CLANG_WARN_RANGE_LOOP_ANALYSIS = YES;
				CLANG_WARN_STRICT_PROTOTYPES = YES;
				CLANG_WARN_SUSPICIOUS_MOVE = YES;
				CLANG_WARN_UNGUARDED_AVAILABILITY = YES_AGGRESSIVE;
				CLANG_WARN_UNREACHABLE_CODE = YES;
				CLANG_WARN__DUPLICATE_METHOD_MATCH = YES;
				COPY_PHASE_STRIP = NO;
				DEBUG_INFORMATION_FORMAT = dwarf;
				ENABLE_STRICT_OBJC_MSGSEND = YES;
				ENABLE_TESTABILITY = YES;
				ENABLE_USER_SCRIPT_SANDBOXING = YES;
				GCC_C_LANGUAGE_STANDARD = gnu17;
				GCC_DYNAMIC_NO_PIC = NO;
				GCC_NO_COMMON_BLOCKS = YES;
				GCC_OPTIMIZATION_LEVEL = 0;
				GCC_PREPROCESSOR_DEFINITIONS = (
					"DEBUG=1",
					"$(inherited)",
				);
				GCC_WARN_64_TO_32_BIT_CONVERSION = YES;
				GCC_WARN_ABOUT_RETURN_TYPE = YES_ERROR;
				GCC_WARN_UNDECLARED_SELECTOR = YES;
				GCC_WARN_UNINITIALIZED_AUTOS = YES_AGGRESSIVE;
				GCC_WARN_UNUSED_FUNCTION = YES;
				GCC_WARN_UNUSED_VARIABLE = YES;
				LOCALIZATION_PREFERS_STRING_CATALOGS = YES;
				MACOSX_DEPLOYMENT_TARGET = 14.0;
				MTL_ENABLE_DEBUG_INFO = INCLUDE_SOURCE;
				MTL_FAST_MATH = YES;
				ONLY_ACTIVE_ARCH = YES;
				SDKROOT = macosx;
			};
			name = Debug;
		};
		C42636312B1B8FDA0065C985 /* Release */ = {
			isa = XCBuildConfiguration;
			buildSettings = {
				ALWAYS_SEARCH_USER_PATHS = NO;
				ASSETCATALOG_COMPILER_GENERATE_SWIFT_ASSET_SYMBOL_EXTENSIONS = YES;
				CLANG_ANALYZER_NONNULL = YES;
				CLANG_ANALYZER_NUMBER_OBJECT_CONVERSION = YES_AGGRESSIVE;
				CLANG_CXX_LANGUAGE_STANDARD = "gnu++20";
				CLANG_ENABLE_MODULES = YES;
				CLANG_ENABLE_OBJC_ARC = YES;
				CLANG_ENABLE_OBJC_WEAK = YES;
				CLANG_WARN_BLOCK_CAPTURE_AUTORELEASING = YES;
				CLANG_WARN_BOOL_CONVERSION = YES;
				CLANG_WARN_COMMA = YES;
				CLANG_WARN_CONSTANT_CONVERSION = YES;
				CLANG_WARN_DEPRECATED_OBJC_IMPLEMENTATIONS = YES;
				CLANG_WARN_DIRECT_OBJC_ISA_USAGE = YES_ERROR;
				CLANG_WARN_DOCUMENTATION_COMMENTS = YES;
				CLANG_WARN_EMPTY_BODY = YES;
				CLANG_WARN_ENUM_CONVERSION = YES;
				CLANG_WARN_INFINITE_RECURSION = YES;
				CLANG_WARN_INT_CONVERSION = YES;
				CLANG_WARN_NON_LITERAL_NULL_CONVERSION = YES;
				CLANG_WARN_OBJC_IMPLICIT_RETAIN_SELF = YES;
				CLANG_WARN_OBJC_LITERAL_CONVERSION = YES;
				CLANG_WARN_OBJC_ROOT_CLASS = YES_ERROR;
				CLANG_WARN_QUOTED_INCLUDE_IN_FRAMEWORK_HEADER = YES;
				CLANG_WARN_RANGE_LOOP_ANALYSIS = YES;
				CLANG_WARN_STRICT_PROTOTYPES = YES;
				CLANG_WARN_SUSPICIOUS_MOVE = YES;
				CLANG_WARN_UNGUARDED_AVAILABILITY = YES_AGGRESSIVE;
				CLANG_WARN_UNREACHABLE_CODE = YES;
				CLANG_WARN__DUPLICATE_METHOD_MATCH = YES;
				COPY_PHASE_STRIP = NO;
				DEBUG_INFORMATION_FORMAT = "dwarf-with-dsym";
				ENABLE_NS_ASSERTIONS = NO;
				ENABLE_STRICT_OBJC_MSGSEND = YES;
				ENABLE_USER_SCRIPT_SANDBOXING = YES;
				GCC_C_LANGUAGE_STANDARD = gnu17;
				GCC_NO_COMMON_BLOCKS = YES;
				GCC_WARN_64_TO_32_BIT_CONVERSION = YES;
				GCC_WARN_ABOUT_RETURN_TYPE = YES_ERROR;
				GCC_WARN_UNDECLARED_SELECTOR = YES;
				GCC_WARN_UNINITIALIZED_AUTOS = YES_AGGRESSIVE;
				GCC_WARN_UNUSED_FUNCTION = YES;
				GCC_WARN_UNUSED_VARIABLE = YES;
				LOCALIZATION_PREFERS_STRING_CATALOGS = YES;
				MACOSX_DEPLOYMENT_TARGET = 14.0;
				MTL_ENABLE_DEBUG_INFO = NO;
				MTL_FAST_MATH = YES;
				SDKROOT = macosx;
			};
			name = Release;
		};
		C42636332B1B8FDA0065C985 /* Debug */ = {
			isa = XCBuildConfiguration;
			buildSettings = {
				CODE_SIGN_STYLE = Automatic;
				FRAMEWORK_SEARCH_PATHS = (
					"$(inherited)",
					"$(LOCAL_LIBRARY_DIR)/Frameworks",
				);
				"HEADER_SEARCH_PATHS[arch=*]" = (
					/Library/Frameworks/SDL2_mixer.framework/Versions/A/Headers,
					/Library/Frameworks/SDL2.framework/Versions/A/Headers,
					/Library/Frameworks/SDL2_image.framework/Versions/A/Headers,
				);
				PRODUCT_NAME = "$(TARGET_NAME)";
			};
			name = Debug;
		};
		C42636342B1B8FDA0065C985 /* Release */ = {
			isa = XCBuildConfiguration;
			buildSettings = {
				CODE_SIGN_STYLE = Automatic;
				FRAMEWORK_SEARCH_PATHS = (
					"$(inherited)",
					"$(LOCAL_LIBRARY_DIR)/Frameworks",
				);
				PRODUCT_NAME = "$(TARGET_NAME)";
			};
			name = Release;
		};
/* End XCBuildConfiguration section */

/* Begin XCConfigurationList section */
		C42636262B1B8FDA0065C985 /* Build configuration list for PBXProject "SDL_HW_5" */ = {
			isa = XCConfigurationList;
			buildConfigurations = (
				C42636302B1B8FDA0065C985 /* Debug */,
				C42636312B1B8FDA0065C985 /* Release */,
			);
			defaultConfigurationIsVisible = 0;
			defaultConfigurationName = Release;
		};
		C42636322B1B8FDA0065C985 /* Build configuration list for PBXNativeTarget "SDL_HW_5" */ = {
			isa = XCConfigurationList;
			buildConfigurations = (
				C42636332B1B8FDA0065C985 /* Debug */,
				C42636342B1B8FDA0065C985 /* Release */,
			);
			defaultConfigurationIsVisible = 0;
			defaultConfigurationName = Release;
		};
/* End XCConfigurationList section */
	};
	rootObject = C42636232B1B8FDA0065C985 /* Project object */;
}
